{
  "requires": true,
  "lockfileVersion": 1,
  "dependencies": {
    "@hint/hint-no-inline-styles": {
      "version": "1.0.7",
      "resolved": "https://registry.npmjs.org/@hint/hint-no-inline-styles/-/hint-no-inline-styles-1.0.7.tgz",
      "integrity": "sha512-n+joqgUTAPCCYz0CD//E8RPV/l5tyGKtw7chcijI4t5WGtWuj1ugmaGn18BjV2R0VfFTaR/DRRbyGxwC8SjVog==",
      "dev": true,
      "requires": {
        "@hint/utils-debug": "^1.0.8",
        "@hint/utils-i18n": "^1.0.11",
        "@hint/utils-types": "^1.1.6"
      }
    },
    "@hint/utils-debug": {
      "version": "1.0.8",
      "resolved": "https://registry.npmjs.org/@hint/utils-debug/-/utils-debug-1.0.8.tgz",
      "integrity": "sha512-h/xiYKMvDrJlPEFMMIfZD54YQT3C4vdBUZzVTG7F3OORZEcJ5WwfQHSXHc8jJEvbU+GhvyVMgUcpxNMT0dSQDg==",
      "dev": true,
      "requires": {
        "debug": "4.3.3"
      }
    },
    "@hint/utils-i18n": {
      "version": "1.0.11",
      "resolved": "https://registry.npmjs.org/@hint/utils-i18n/-/utils-i18n-1.0.11.tgz",
      "integrity": "sha512-Nejl5lbla/IvKYxnOJ3iGqdEtVw7lMYMXRk0HjXb/f7dgs4H9doK5YNfhrwJCr8bUE1b4BydpCYBvQBui8iNcg==",
      "dev": true,
      "requires": {
        "@hint/utils-types": "^1.1.6"
      }
    },
    "@hint/utils-types": {
      "version": "1.1.6",
      "resolved": "https://registry.npmjs.org/@hint/utils-types/-/utils-types-1.1.6.tgz",
      "integrity": "sha512-WFdXVB15huYKCMzdWnWdqYmeNdrMbEIm4KICxiPB/HOLaIo/g42mYjF0MewS4IAzGIJXduvRA334u/n54yvLWw==",
      "dev": true
    },
    "debug": {
      "version": "4.3.3",
      "resolved": "https://registry.npmjs.org/debug/-/debug-4.3.3.tgz",
      "integrity": "sha512-/zxw5+vh1Tfv+4Qn7a5nsbcJKPaSvCDhojn6FEl9vupwK2VCSDtEiEtqr8DFtzYFOdz63LBkxec7DYuc2jon6Q==",
      "dev": true,
      "requires": {
        "ms": "2.1.2"
      }
    },
    "ms": {
      "version": "2.1.2",
      "resolved": "https://registry.npmjs.org/ms/-/ms-2.1.2.tgz",
      "integrity": "sha512-sGkPx+VjMtmA6MX27oA4FBFELFCZZ4S4XqeGOXCv68tT+jb3vk/RyaKWP0PTKyWtmLSM0b+adUTEvbs1PEaH2w==",
      "dev": true
    }
  }
}
